
Microsoft Visual Studio Solution File, Format Version 12.00
# Visual Studio 15
VisualStudioVersion = 15.0.27130.2024
MinimumVisualStudioVersion = 10.0.40219.1
Project("{FAE04EC0-301F-11D3-BF4B-00C04F79EFBC}") = "BalancedBrackets", "BalancedBrackets\BalancedBrackets.csproj", "{41CBF2E1-5C85-4295-BE1D-A5E9DF3EEA85}"
EndProject
Project("{FAE04EC0-301F-11D3-BF4B-00C04F79EFBC}") = "CaptureTheFlag", "CaptureTheFlag\CaptureTheFlag.csproj", "{45C8D335-6FA2-4067-9650-45416BF0AEF0}"
EndProject
Project("{FAE04EC0-301F-11D3-BF4B-00C04F79EFBC}") = "BetweenTwoSets", "BetweenTwoSets\BetweenTwoSets.csproj", "{8483EE79-247B-45C6-8584-1C8D667D4C36}"
EndProject
Project("{FAE04EC0-301F-11D3-BF4B-00C04F79EFBC}") = "30DaysOfCode", "30DaysOfCode\30DaysOfCode.csproj", "{B073C120-5474-495B-8A1E-A39BADDB36F5}"
EndProject
Project("{FAE04EC0-301F-11D3-BF4B-00C04F79EFBC}") = "10DaysOfStatistics", "10DaysOfStatistics\10DaysOfStatistics.csproj", "{8F0A55AC-1A66-4F6F-9D5B-B66B12E9712E}"
EndProject
Project("{FAE04EC0-301F-11D3-BF4B-00C04F79EFBC}") = "ProjectEuler", "ProjectEuler\ProjectEuler.csproj", "{32D19E8F-A691-43FA-ABAA-BC8EDD16B34B}"
EndProject
Project("{FAE04EC0-301F-11D3-BF4B-00C04F79EFBC}") = "WeekOfCode32", "WeekOfCode32\WeekOfCode32.csproj", "{74B309B5-F7D1-4469-8342-150350CD6116}"
EndProject
Project("{FAE04EC0-301F-11D3-BF4B-00C04F79EFBC}") = "WorldCodeSprint11", "WorldCodeSprint11\WorldCodeSprint11.csproj", "{8C06BC25-31C8-4AED-ABDE-D54591CA324F}"
EndProject
Project("{FAE04EC0-301F-11D3-BF4B-00C04F79EFBC}") = "DataStructures_Trees", "DataStructures_Trees\DataStructures_Trees.csproj", "{C8B26F4E-247A-4FCD-B600-652CC3284433}"
EndProject
Project("{FAE04EC0-301F-11D3-BF4B-00C04F79EFBC}") = "Algorithms_BinarySearch", "Algorithms_BinarySearch\Algorithms_BinarySearch.csproj", "{FD989738-4139-4B62-B1F4-0A3005E5912A}"
EndProject
Project("{FAE04EC0-301F-11D3-BF4B-00C04F79EFBC}") = "WeekOfCode33", "WeekOfCode33\WeekOfCode33.csproj", "{35E6C053-35AA-4F46-BFC2-9C0A8B95FF2D}"
EndProject
Project("{FAE04EC0-301F-11D3-BF4B-00C04F79EFBC}") = "OpenUrls", "OpenUrls\OpenUrls.csproj", "{5EAFB9CB-BC2C-4378-8F4D-A5C589B280AA}"
EndProject
Project("{FAE04EC0-301F-11D3-BF4B-00C04F79EFBC}") = "AppleAndOrange", "AppleAndOrange\AppleAndOrange.csproj", "{13B30766-B81D-4CAC-B81B-7B5BC19AD944}"
EndProject
Project("{FAE04EC0-301F-11D3-BF4B-00C04F79EFBC}") = "Kangaroo", "Kangaroo\Kangaroo.csproj", "{4F924EA5-648C-4B8E-9A96-8C86C09C69E8}"
EndProject
Global
	GlobalSection(SolutionConfigurationPlatforms) = preSolution
		Debug|Any CPU = Debug|Any CPU
		Release|Any CPU = Release|Any CPU
	EndGlobalSection
	GlobalSection(ProjectConfigurationPlatforms) = postSolution
		{41CBF2E1-5C85-4295-BE1D-A5E9DF3EEA85}.Debug|Any CPU.ActiveCfg = Debug|Any CPU
		{41CBF2E1-5C85-4295-BE1D-A5E9DF3EEA85}.Debug|Any CPU.Build.0 = Debug|Any CPU
		{41CBF2E1-5C85-4295-BE1D-A5E9DF3EEA85}.Release|Any CPU.ActiveCfg = Release|Any CPU
		{41CBF2E1-5C85-4295-BE1D-A5E9DF3EEA85}.Release|Any CPU.Build.0 = Release|Any CPU
		{45C8D335-6FA2-4067-9650-45416BF0AEF0}.Debug|Any CPU.ActiveCfg = Debug|Any CPU
		{45C8D335-6FA2-4067-9650-45416BF0AEF0}.Debug|Any CPU.Build.0 = Debug|Any CPU
		{45C8D335-6FA2-4067-9650-45416BF0AEF0}.Release|Any CPU.ActiveCfg = Release|Any CPU
		{45C8D335-6FA2-4067-9650-45416BF0AEF0}.Release|Any CPU.Build.0 = Release|Any CPU
		{8483EE79-247B-45C6-8584-1C8D667D4C36}.Debug|Any CPU.ActiveCfg = Debug|Any CPU
		{8483EE79-247B-45C6-8584-1C8D667D4C36}.Debug|Any CPU.Build.0 = Debug|Any CPU
		{8483EE79-247B-45C6-8584-1C8D667D4C36}.Release|Any CPU.ActiveCfg = Release|Any CPU
		{8483EE79-247B-45C6-8584-1C8D667D4C36}.Release|Any CPU.Build.0 = Release|Any CPU
		{B073C120-5474-495B-8A1E-A39BADDB36F5}.Debug|Any CPU.ActiveCfg = Debug|Any CPU
		{B073C120-5474-495B-8A1E-A39BADDB36F5}.Debug|Any CPU.Build.0 = Debug|Any CPU
		{B073C120-5474-495B-8A1E-A39BADDB36F5}.Release|Any CPU.ActiveCfg = Release|Any CPU
		{B073C120-5474-495B-8A1E-A39BADDB36F5}.Release|Any CPU.Build.0 = Release|Any CPU
		{8F0A55AC-1A66-4F6F-9D5B-B66B12E9712E}.Debug|Any CPU.ActiveCfg = Debug|Any CPU
		{8F0A55AC-1A66-4F6F-9D5B-B66B12E9712E}.Debug|Any CPU.Build.0 = Debug|Any CPU
		{8F0A55AC-1A66-4F6F-9D5B-B66B12E9712E}.Release|Any CPU.ActiveCfg = Release|Any CPU
		{8F0A55AC-1A66-4F6F-9D5B-B66B12E9712E}.Release|Any CPU.Build.0 = Release|Any CPU
		{32D19E8F-A691-43FA-ABAA-BC8EDD16B34B}.Debug|Any CPU.ActiveCfg = Debug|Any CPU
		{32D19E8F-A691-43FA-ABAA-BC8EDD16B34B}.Debug|Any CPU.Build.0 = Debug|Any CPU
		{32D19E8F-A691-43FA-ABAA-BC8EDD16B34B}.Release|Any CPU.ActiveCfg = Release|Any CPU
		{32D19E8F-A691-43FA-ABAA-BC8EDD16B34B}.Release|Any CPU.Build.0 = Release|Any CPU
		{74B309B5-F7D1-4469-8342-150350CD6116}.Debug|Any CPU.ActiveCfg = Debug|Any CPU
		{74B309B5-F7D1-4469-8342-150350CD6116}.Debug|Any CPU.Build.0 = Debug|Any CPU
		{74B309B5-F7D1-4469-8342-150350CD6116}.Release|Any CPU.ActiveCfg = Release|Any CPU
		{74B309B5-F7D1-4469-8342-150350CD6116}.Release|Any CPU.Build.0 = Release|Any CPU
		{8C06BC25-31C8-4AED-ABDE-D54591CA324F}.Debug|Any CPU.ActiveCfg = Debug|Any CPU
		{8C06BC25-31C8-4AED-ABDE-D54591CA324F}.Debug|Any CPU.Build.0 = Debug|Any CPU
		{8C06BC25-31C8-4AED-ABDE-D54591CA324F}.Release|Any CPU.ActiveCfg = Release|Any CPU
		{8C06BC25-31C8-4AED-ABDE-D54591CA324F}.Release|Any CPU.Build.0 = Release|Any CPU
		{C8B26F4E-247A-4FCD-B600-652CC3284433}.Debug|Any CPU.ActiveCfg = Debug|Any CPU
		{C8B26F4E-247A-4FCD-B600-652CC3284433}.Debug|Any CPU.Build.0 = Debug|Any CPU
		{C8B26F4E-247A-4FCD-B600-652CC3284433}.Release|Any CPU.ActiveCfg = Release|Any CPU
		{C8B26F4E-247A-4FCD-B600-652CC3284433}.Release|Any CPU.Build.0 = Release|Any CPU
		{FD989738-4139-4B62-B1F4-0A3005E5912A}.Debug|Any CPU.ActiveCfg = Debug|Any CPU
		{FD989738-4139-4B62-B1F4-0A3005E5912A}.Debug|Any CPU.Build.0 = Debug|Any CPU
		{FD989738-4139-4B62-B1F4-0A3005E5912A}.Release|Any CPU.ActiveCfg = Release|Any CPU
		{FD989738-4139-4B62-B1F4-0A3005E5912A}.Release|Any CPU.Build.0 = Release|Any CPU
		{35E6C053-35AA-4F46-BFC2-9C0A8B95FF2D}.Debug|Any CPU.ActiveCfg = Debug|Any CPU
		{35E6C053-35AA-4F46-BFC2-9C0A8B95FF2D}.Debug|Any CPU.Build.0 = Debug|Any CPU
		{35E6C053-35AA-4F46-BFC2-9C0A8B95FF2D}.Release|Any CPU.ActiveCfg = Release|Any CPU
		{35E6C053-35AA-4F46-BFC2-9C0A8B95FF2D}.Release|Any CPU.Build.0 = Release|Any CPU
		{5EAFB9CB-BC2C-4378-8F4D-A5C589B280AA}.Debug|Any CPU.ActiveCfg = Debug|Any CPU
		{5EAFB9CB-BC2C-4378-8F4D-A5C589B280AA}.Debug|Any CPU.Build.0 = Debug|Any CPU
		{5EAFB9CB-BC2C-4378-8F4D-A5C589B280AA}.Release|Any CPU.ActiveCfg = Release|Any CPU
		{5EAFB9CB-BC2C-4378-8F4D-A5C589B280AA}.Release|Any CPU.Build.0 = Release|Any CPU
		{13B30766-B81D-4CAC-B81B-7B5BC19AD944}.Debug|Any CPU.ActiveCfg = Debug|Any CPU
		{13B30766-B81D-4CAC-B81B-7B5BC19AD944}.Debug|Any CPU.Build.0 = Debug|Any CPU
		{13B30766-B81D-4CAC-B81B-7B5BC19AD944}.Release|Any CPU.ActiveCfg = Release|Any CPU
		{13B30766-B81D-4CAC-B81B-7B5BC19AD944}.Release|Any CPU.Build.0 = Release|Any CPU
		{4F924EA5-648C-4B8E-9A96-8C86C09C69E8}.Debug|Any CPU.ActiveCfg = Debug|Any CPU
		{4F924EA5-648C-4B8E-9A96-8C86C09C69E8}.Debug|Any CPU.Build.0 = Debug|Any CPU
		{4F924EA5-648C-4B8E-9A96-8C86C09C69E8}.Release|Any CPU.ActiveCfg = Release|Any CPU
		{4F924EA5-648C-4B8E-9A96-8C86C09C69E8}.Release|Any CPU.Build.0 = Release|Any CPU
	EndGlobalSection
	GlobalSection(SolutionProperties) = preSolution
		HideSolutionNode = FALSE
	EndGlobalSection
	GlobalSection(ExtensibilityGlobals) = postSolution
		SolutionGuid = {FBD70C72-73A2-431B-8EAB-32960CE3FD97}
	EndGlobalSection
EndGlobal
